// !$*UTF8*$!
{
	archiveVersion = 1;
	classes = {
	};
	objectVersion = 46;
	objects = {

/* Begin PBXBuildFile section */
		49038BAC18B1E9280032E84D /* Contact.m in Sources */ = {isa = PBXBuildFile; fileRef = 49038BAB18B1E9280032E84D /* Contact.m */; };
		4903F119188788FB00654C5C /* 08.png in Resources */ = {isa = PBXBuildFile; fileRef = 4903F118188788FB00654C5C /* 08.png */; };
		4905E93F188E191500DFC415 /* CoreData.framework in Frameworks */ = {isa = PBXBuildFile; fileRef = 4905E93E188E191500DFC415 /* CoreData.framework */; };
		4905E942188E1AC400DFC415 /* Model.xcdatamodeld in Sources */ = {isa = PBXBuildFile; fileRef = 4905E940188E1AC400DFC415 /* Model.xcdatamodeld */; };
		4908DA4418BAE23500A75F80 /* record_animate_01.png in Resources */ = {isa = PBXBuildFile; fileRef = 4908DA3618BAE23400A75F80 /* record_animate_01.png */; };
		4908DA4518BAE23500A75F80 /* record_animate_02.png in Resources */ = {isa = PBXBuildFile; fileRef = 4908DA3718BAE23400A75F80 /* record_animate_02.png */; };
		4908DA4618BAE23500A75F80 /* record_animate_03.png in Resources */ = {isa = PBXBuildFile; fileRef = 4908DA3818BAE23400A75F80 /* record_animate_03.png */; };
		4908DA4718BAE23500A75F80 /* record_animate_04.png in Resources */ = {isa = PBXBuildFile; fileRef = 4908DA3918BAE23400A75F80 /* record_animate_04.png */; };
		4908DA4818BAE23500A75F80 /* record_animate_05.png in Resources */ = {isa = PBXBuildFile; fileRef = 4908DA3A18BAE23400A75F80 /* record_animate_05.png */; };
		4908DA4918BAE23500A75F80 /* record_animate_06.png in Resources */ = {isa = PBXBuildFile; fileRef = 4908DA3B18BAE23400A75F80 /* record_animate_06.png */; };
		4908DA4A18BAE23500A75F80 /* record_animate_07.png in Resources */ = {isa = PBXBuildFile; fileRef = 4908DA3C18BAE23400A75F80 /* record_animate_07.png */; };
		4908DA4B18BAE23500A75F80 /* record_animate_08.png in Resources */ = {isa = PBXBuildFile; fileRef = 4908DA3D18BAE23500A75F80 /* record_animate_08.png */; };
		4908DA4C18BAE23500A75F80 /* record_animate_09.png in Resources */ = {isa = PBXBuildFile; fileRef = 4908DA3E18BAE23500A75F80 /* record_animate_09.png */; };
		4908DA4D18BAE23500A75F80 /* record_animate_10.png in Resources */ = {isa = PBXBuildFile; fileRef = 4908DA3F18BAE23500A75F80 /* record_animate_10.png */; };
		4908DA4E18BAE23500A75F80 /* record_animate_11.png in Resources */ = {isa = PBXBuildFile; fileRef = 4908DA4018BAE23500A75F80 /* record_animate_11.png */; };
		4908DA4F18BAE23500A75F80 /* record_animate_12.png in Resources */ = {isa = PBXBuildFile; fileRef = 4908DA4118BAE23500A75F80 /* record_animate_12.png */; };
		4908DA5018BAE23500A75F80 /* record_animate_13.png in Resources */ = {isa = PBXBuildFile; fileRef = 4908DA4218BAE23500A75F80 /* record_animate_13.png */; };
		4908DA5118BAE23500A75F80 /* record_animate_14.png in Resources */ = {isa = PBXBuildFile; fileRef = 4908DA4318BAE23500A75F80 /* record_animate_14.png */; };
		490A48FE1891078F001AC8B2 /* AGImagePickerController+Helper.m in Sources */ = {isa = PBXBuildFile; fileRef = 490A48ED1891078F001AC8B2 /* AGImagePickerController+Helper.m */; };
		490A48FF1891078F001AC8B2 /* AGImagePickerController.bundle in Resources */ = {isa = PBXBuildFile; fileRef = 490A48EE1891078F001AC8B2 /* AGImagePickerController.bundle */; };
		490A49001891078F001AC8B2 /* AGImagePickerController.m in Sources */ = {isa = PBXBuildFile; fileRef = 490A48F01891078F001AC8B2 /* AGImagePickerController.m */; };
		490A49011891078F001AC8B2 /* AGIPCAlbumsController.m in Sources */ = {isa = PBXBuildFile; fileRef = 490A48F31891078F001AC8B2 /* AGIPCAlbumsController.m */; };
		490A49021891078F001AC8B2 /* AGIPCAssetsController.m in Sources */ = {isa = PBXBuildFile; fileRef = 490A48F51891078F001AC8B2 /* AGIPCAssetsController.m */; };
		490A49031891078F001AC8B2 /* AGIPCGridCell.m in Sources */ = {isa = PBXBuildFile; fileRef = 490A48F71891078F001AC8B2 /* AGIPCGridCell.m */; };
		490A49041891078F001AC8B2 /* AGIPCGridItem.m in Sources */ = {isa = PBXBuildFile; fileRef = 490A48F91891078F001AC8B2 /* AGIPCGridItem.m */; };
		490A49051891078F001AC8B2 /* AGIPCToolbarItem.m in Sources */ = {isa = PBXBuildFile; fileRef = 490A48FB1891078F001AC8B2 /* AGIPCToolbarItem.m */; };
		490A49061891078F001AC8B2 /* ALAsset+AGIPC.m in Sources */ = {isa = PBXBuildFile; fileRef = 490A48FD1891078F001AC8B2 /* ALAsset+AGIPC.m */; };
		490D038318754B760094AD0F /* Foundation.framework in Frameworks */ = {isa = PBXBuildFile; fileRef = 490D038218754B760094AD0F /* Foundation.framework */; };
		490D038518754B760094AD0F /* CoreGraphics.framework in Frameworks */ = {isa = PBXBuildFile; fileRef = 490D038418754B760094AD0F /* CoreGraphics.framework */; };
		490D038718754B760094AD0F /* UIKit.framework in Frameworks */ = {isa = PBXBuildFile; fileRef = 490D038618754B760094AD0F /* UIKit.framework */; };
		490D038D18754B760094AD0F /* InfoPlist.strings in Resources */ = {isa = PBXBuildFile; fileRef = 490D038B18754B760094AD0F /* InfoPlist.strings */; };
		490D038F18754B760094AD0F /* main.m in Sources */ = {isa = PBXBuildFile; fileRef = 490D038E18754B760094AD0F /* main.m */; };
		490D039318754B760094AD0F /* AppDelegate.m in Sources */ = {isa = PBXBuildFile; fileRef = 490D039218754B760094AD0F /* AppDelegate.m */; };
		490D039918754B760094AD0F /* HomeViewController.m in Sources */ = {isa = PBXBuildFile; fileRef = 490D039818754B760094AD0F /* HomeViewController.m */; };
		490D039E18754B760094AD0F /* Images.xcassets in Resources */ = {isa = PBXBuildFile; fileRef = 490D039D18754B760094AD0F /* Images.xcassets */; };
		490D03A518754B760094AD0F /* XCTest.framework in Frameworks */ = {isa = PBXBuildFile; fileRef = 490D03A418754B760094AD0F /* XCTest.framework */; };
		490D03A618754B760094AD0F /* Foundation.framework in Frameworks */ = {isa = PBXBuildFile; fileRef = 490D038218754B760094AD0F /* Foundation.framework */; };
		490D03A718754B760094AD0F /* UIKit.framework in Frameworks */ = {isa = PBXBuildFile; fileRef = 490D038618754B760094AD0F /* UIKit.framework */; };
		490D03AF18754B760094AD0F /* InfoPlist.strings in Resources */ = {isa = PBXBuildFile; fileRef = 490D03AD18754B760094AD0F /* InfoPlist.strings */; };
		490D03B118754B760094AD0F /* NoteBookTests.m in Sources */ = {isa = PBXBuildFile; fileRef = 490D03B018754B760094AD0F /* NoteBookTests.m */; };
		490D03CB187550C00094AD0F /* ContactCell.m in Sources */ = {isa = PBXBuildFile; fileRef = 490D03C9187550C00094AD0F /* ContactCell.m */; };
		491215AA19B89AB600E576BA /* NSMutableArray+SWUtilityButtons.m in Sources */ = {isa = PBXBuildFile; fileRef = 4912159F19B89AB600E576BA /* NSMutableArray+SWUtilityButtons.m */; };
		491215AB19B89AB600E576BA /* SWCellScrollView.m in Sources */ = {isa = PBXBuildFile; fileRef = 491215A119B89AB600E576BA /* SWCellScrollView.m */; };
		491215AC19B89AB600E576BA /* SWLongPressGestureRecognizer.m in Sources */ = {isa = PBXBuildFile; fileRef = 491215A319B89AB600E576BA /* SWLongPressGestureRecognizer.m */; };
		491215AD19B89AB600E576BA /* SWTableViewCell.m in Sources */ = {isa = PBXBuildFile; fileRef = 491215A519B89AB600E576BA /* SWTableViewCell.m */; };
		491215AE19B89AB600E576BA /* SWUtilityButtonTapGestureRecognizer.m in Sources */ = {isa = PBXBuildFile; fileRef = 491215A719B89AB600E576BA /* SWUtilityButtonTapGestureRecognizer.m */; };
		491215AF19B89AB600E576BA /* SWUtilityButtonView.m in Sources */ = {isa = PBXBuildFile; fileRef = 491215A919B89AB600E576BA /* SWUtilityButtonView.m */; };
		491215B319B89E2A00E576BA /* UIFont+HB.m in Sources */ = {isa = PBXBuildFile; fileRef = 491215B219B89E2A00E576BA /* UIFont+HB.m */; };
		491215B719B89F2C00E576BA /* BaseModel.m in Sources */ = {isa = PBXBuildFile; fileRef = 491215B619B89F2C00E576BA /* BaseModel.m */; };
		491215C319B8A25100E576BA /* UIColor+HB.m in Sources */ = {isa = PBXBuildFile; fileRef = 491215C219B8A25000E576BA /* UIColor+HB.m */; };
		491215C619B8A45800E576BA /* HBTableViewCell.m in Sources */ = {isa = PBXBuildFile; fileRef = 491215C519B8A45800E576BA /* HBTableViewCell.m */; };
		4918F2EC19B4AD9100A8C686 /* Icon.png in Resources */ = {isa = PBXBuildFile; fileRef = 4918F2EA19B4AD9100A8C686 /* Icon.png */; };
		4918F2ED19B4AD9100A8C686 /* Icon@2x.png in Resources */ = {isa = PBXBuildFile; fileRef = 4918F2EB19B4AD9100A8C686 /* Icon@2x.png */; };
		4928635A18B4A11C000C11F2 /* ShowViewController.m in Sources */ = {isa = PBXBuildFile; fileRef = 4928635918B4A11C000C11F2 /* ShowViewController.m */; };
		497E82A518AE320200393EA3 /* ImageCropperViewController.m in Sources */ = {isa = PBXBuildFile; fileRef = 497E82A418AE320200393EA3 /* ImageCropperViewController.m */; };
		499FAD55188EA63B009D2359 /* AVFoundation.framework in Frameworks */ = {isa = PBXBuildFile; fileRef = 499FAD54188EA63B009D2359 /* AVFoundation.framework */; };
		49DDD3AD1883A8E500761532 /* AddViewController.m in Sources */ = {isa = PBXBuildFile; fileRef = 49DDD3AC1883A8E500761532 /* AddViewController.m */; };
/* End PBXBuildFile section */

/* Begin PBXContainerItemProxy section */
		490D03A818754B760094AD0F /* PBXContainerItemProxy */ = {
			isa = PBXContainerItemProxy;
			containerPortal = 490D037718754B760094AD0F /* Project object */;
			proxyType = 1;
			remoteGlobalIDString = 490D037E18754B760094AD0F;
			remoteInfo = NoteBook;
		};
/* End PBXContainerItemProxy section */

/* Begin PBXFileReference section */
		49038BAA18B1E9280032E84D /* Contact.h */ = {isa = PBXFileReference; fileEncoding = 4; lastKnownFileType = sourcecode.c.h; path = Contact.h; sourceTree = "<group>"; };
		49038BAB18B1E9280032E84D /* Contact.m */ = {isa = PBXFileReference; fileEncoding = 4; lastKnownFileType = sourcecode.c.objc; path = Contact.m; sourceTree = "<group>"; };
		4903F118188788FB00654C5C /* 08.png */ = {isa = PBXFileReference; lastKnownFileType = image.png; path = 08.png; sourceTree = "<group>"; };
		4905E93E188E191500DFC415 /* CoreData.framework */ = {isa = PBXFileReference; lastKnownFileType = wrapper.framework; name = CoreData.framework; path = System/Library/Frameworks/CoreData.framework; sourceTree = SDKROOT; };
		4905E941188E1AC400DFC415 /* Model.xcdatamodel */ = {isa = PBXFileReference; lastKnownFileType = wrapper.xcdatamodel; path = Model.xcdatamodel; sourceTree = "<group>"; };
		4908DA3618BAE23400A75F80 /* record_animate_01.png */ = {isa = PBXFileReference; lastKnownFileType = image.png; name = record_animate_01.png; path = pictures/record_animate_01.png; sourceTree = "<group>"; };
		4908DA3718BAE23400A75F80 /* record_animate_02.png */ = {isa = PBXFileReference; lastKnownFileType = image.png; name = record_animate_02.png; path = pictures/record_animate_02.png; sourceTree = "<group>"; };
		4908DA3818BAE23400A75F80 /* record_animate_03.png */ = {isa = PBXFileReference; lastKnownFileType = image.png; name = record_animate_03.png; path = pictures/record_animate_03.png; sourceTree = "<group>"; };
		4908DA3918BAE23400A75F80 /* record_animate_04.png */ = {isa = PBXFileReference; lastKnownFileType = image.png; name = record_animate_04.png; path = pictures/record_animate_04.png; sourceTree = "<group>"; };
		4908DA3A18BAE23400A75F80 /* record_animate_05.png */ = {isa = PBXFileReference; lastKnownFileType = image.png; name = record_animate_05.png; path = pictures/record_animate_05.png; sourceTree = "<group>"; };
		4908DA3B18BAE23400A75F80 /* record_animate_06.png */ = {isa = PBXFileReference; lastKnownFileType = image.png; name = record_animate_06.png; path = pictures/record_animate_06.png; sourceTree = "<group>"; };
		4908DA3C18BAE23400A75F80 /* record_animate_07.png */ = {isa = PBXFileReference; lastKnownFileType = image.png; name = record_animate_07.png; path = pictures/record_animate_07.png; sourceTree = "<group>"; };
		4908DA3D18BAE23500A75F80 /* record_animate_08.png */ = {isa = PBXFileReference; lastKnownFileType = image.png; name = record_animate_08.png; path = pictures/record_animate_08.png; sourceTree = "<group>"; };
		4908DA3E18BAE23500A75F80 /* record_animate_09.png */ = {isa = PBXFileReference; lastKnownFileType = image.png; name = record_animate_09.png; path = pictures/record_animate_09.png; sourceTree = "<group>"; };
		4908DA3F18BAE23500A75F80 /* record_animate_10.png */ = {isa = PBXFileReference; lastKnownFileType = image.png; name = record_animate_10.png; path = pictures/record_animate_10.png; sourceTree = "<group>"; };
		4908DA4018BAE23500A75F80 /* record_animate_11.png */ = {isa = PBXFileReference; lastKnownFileType = image.png; name = record_animate_11.png; path = pictures/record_animate_11.png; sourceTree = "<group>"; };
		4908DA4118BAE23500A75F80 /* record_animate_12.png */ = {isa = PBXFileReference; lastKnownFileType = image.png; name = record_animate_12.png; path = pictures/record_animate_12.png; sourceTree = "<group>"; };
		4908DA4218BAE23500A75F80 /* record_animate_13.png */ = {isa = PBXFileReference; lastKnownFileType = image.png; name = record_animate_13.png; path = pictures/record_animate_13.png; sourceTree = "<group>"; };
		4908DA4318BAE23500A75F80 /* record_animate_14.png */ = {isa = PBXFileReference; lastKnownFileType = image.png; name = record_animate_14.png; path = pictures/record_animate_14.png; sourceTree = "<group>"; };
		490A48EC1891078F001AC8B2 /* AGImagePickerController+Helper.h */ = {isa = PBXFileReference; fileEncoding = 4; lastKnownFileType = sourcecode.c.h; path = "AGImagePickerController+Helper.h"; sourceTree = "<group>"; };
		490A48ED1891078F001AC8B2 /* AGImagePickerController+Helper.m */ = {isa = PBXFileReference; fileEncoding = 4; lastKnownFileType = sourcecode.c.objc; path = "AGImagePickerController+Helper.m"; sourceTree = "<group>"; };
		490A48EE1891078F001AC8B2 /* AGImagePickerController.bundle */ = {isa = PBXFileReference; lastKnownFileType = "wrapper.plug-in"; path = AGImagePickerController.bundle; sourceTree = "<group>"; };
		490A48EF1891078F001AC8B2 /* AGImagePickerController.h */ = {isa = PBXFileReference; fileEncoding = 4; lastKnownFileType = sourcecode.c.h; path = AGImagePickerController.h; sourceTree = "<group>"; };
		490A48F01891078F001AC8B2 /* AGImagePickerController.m */ = {isa = PBXFileReference; fileEncoding = 4; lastKnownFileType = sourcecode.c.objc; path = AGImagePickerController.m; sourceTree = "<group>"; };
		490A48F11891078F001AC8B2 /* AGImagePickerControllerDefines.h */ = {isa = PBXFileReference; fileEncoding = 4; lastKnownFileType = sourcecode.c.h; path = AGImagePickerControllerDefines.h; sourceTree = "<group>"; };
		490A48F21891078F001AC8B2 /* AGIPCAlbumsController.h */ = {isa = PBXFileReference; fileEncoding = 4; lastKnownFileType = sourcecode.c.h; path = AGIPCAlbumsController.h; sourceTree = "<group>"; };
		490A48F31891078F001AC8B2 /* AGIPCAlbumsController.m */ = {isa = PBXFileReference; fileEncoding = 4; lastKnownFileType = sourcecode.c.objc; path = AGIPCAlbumsController.m; sourceTree = "<group>"; };
		490A48F41891078F001AC8B2 /* AGIPCAssetsController.h */ = {isa = PBXFileReference; fileEncoding = 4; lastKnownFileType = sourcecode.c.h; path = AGIPCAssetsController.h; sourceTree = "<group>"; };
		490A48F51891078F001AC8B2 /* AGIPCAssetsController.m */ = {isa = PBXFileReference; fileEncoding = 4; lastKnownFileType = sourcecode.c.objc; path = AGIPCAssetsController.m; sourceTree = "<group>"; };
		490A48F61891078F001AC8B2 /* AGIPCGridCell.h */ = {isa = PBXFileReference; fileEncoding = 4; lastKnownFileType = sourcecode.c.h; path = AGIPCGridCell.h; sourceTree = "<group>"; };
		490A48F71891078F001AC8B2 /* AGIPCGridCell.m */ = {isa = PBXFileReference; fileEncoding = 4; lastKnownFileType = sourcecode.c.objc; path = AGIPCGridCell.m; sourceTree = "<group>"; };
		490A48F81891078F001AC8B2 /* AGIPCGridItem.h */ = {isa = PBXFileReference; fileEncoding = 4; lastKnownFileType = sourcecode.c.h; path = AGIPCGridItem.h; sourceTree = "<group>"; };
		490A48F91891078F001AC8B2 /* AGIPCGridItem.m */ = {isa = PBXFileReference; fileEncoding = 4; lastKnownFileType = sourcecode.c.objc; path = AGIPCGridItem.m; sourceTree = "<group>"; };
		490A48FA1891078F001AC8B2 /* AGIPCToolbarItem.h */ = {isa = PBXFileReference; fileEncoding = 4; lastKnownFileType = sourcecode.c.h; path = AGIPCToolbarItem.h; sourceTree = "<group>"; };
		490A48FB1891078F001AC8B2 /* AGIPCToolbarItem.m */ = {isa = PBXFileReference; fileEncoding = 4; lastKnownFileType = sourcecode.c.objc; path = AGIPCToolbarItem.m; sourceTree = "<group>"; };
		490A48FC1891078F001AC8B2 /* ALAsset+AGIPC.h */ = {isa = PBXFileReference; fileEncoding = 4; lastKnownFileType = sourcecode.c.h; path = "ALAsset+AGIPC.h"; sourceTree = "<group>"; };
		490A48FD1891078F001AC8B2 /* ALAsset+AGIPC.m */ = {isa = PBXFileReference; fileEncoding = 4; lastKnownFileType = sourcecode.c.objc; path = "ALAsset+AGIPC.m"; sourceTree = "<group>"; };
		490D037F18754B760094AD0F /* NoteBook.app */ = {isa = PBXFileReference; explicitFileType = wrapper.application; includeInIndex = 0; path = NoteBook.app; sourceTree = BUILT_PRODUCTS_DIR; };
		490D038218754B760094AD0F /* Foundation.framework */ = {isa = PBXFileReference; lastKnownFileType = wrapper.framework; name = Foundation.framework; path = System/Library/Frameworks/Foundation.framework; sourceTree = SDKROOT; };
		490D038418754B760094AD0F /* CoreGraphics.framework */ = {isa = PBXFileReference; lastKnownFileType = wrapper.framework; name = CoreGraphics.framework; path = System/Library/Frameworks/CoreGraphics.framework; sourceTree = SDKROOT; };
		490D038618754B760094AD0F /* UIKit.framework */ = {isa = PBXFileReference; lastKnownFileType = wrapper.framework; name = UIKit.framework; path = System/Library/Frameworks/UIKit.framework; sourceTree = SDKROOT; };
		490D038A18754B760094AD0F /* NoteBook-Info.plist */ = {isa = PBXFileReference; lastKnownFileType = text.plist.xml; path = "NoteBook-Info.plist"; sourceTree = "<group>"; };
		490D038C18754B760094AD0F /* en */ = {isa = PBXFileReference; lastKnownFileType = text.plist.strings; name = en; path = en.lproj/InfoPlist.strings; sourceTree = "<group>"; };
		490D038E18754B760094AD0F /* main.m */ = {isa = PBXFileReference; lastKnownFileType = sourcecode.c.objc; path = main.m; sourceTree = "<group>"; };
		490D039018754B760094AD0F /* NoteBook-Prefix.pch */ = {isa = PBXFileReference; lastKnownFileType = sourcecode.c.h; path = "NoteBook-Prefix.pch"; sourceTree = "<group>"; };
		490D039118754B760094AD0F /* AppDelegate.h */ = {isa = PBXFileReference; lastKnownFileType = sourcecode.c.h; path = AppDelegate.h; sourceTree = "<group>"; };
		490D039218754B760094AD0F /* AppDelegate.m */ = {isa = PBXFileReference; lastKnownFileType = sourcecode.c.objc; path = AppDelegate.m; sourceTree = "<group>"; };
		490D039718754B760094AD0F /* HomeViewController.h */ = {isa = PBXFileReference; lastKnownFileType = sourcecode.c.h; path = HomeViewController.h; sourceTree = "<group>"; };
		490D039818754B760094AD0F /* HomeViewController.m */ = {isa = PBXFileReference; lastKnownFileType = sourcecode.c.objc; path = HomeViewController.m; sourceTree = "<group>"; };
		490D039D18754B760094AD0F /* Images.xcassets */ = {isa = PBXFileReference; lastKnownFileType = folder.assetcatalog; path = Images.xcassets; sourceTree = "<group>"; };
		490D03A318754B760094AD0F /* NoteBookTests.xctest */ = {isa = PBXFileReference; explicitFileType = wrapper.cfbundle; includeInIndex = 0; path = NoteBookTests.xctest; sourceTree = BUILT_PRODUCTS_DIR; };
		490D03A418754B760094AD0F /* XCTest.framework */ = {isa = PBXFileReference; lastKnownFileType = wrapper.framework; name = XCTest.framework; path = Library/Frameworks/XCTest.framework; sourceTree = DEVELOPER_DIR; };
		490D03AC18754B760094AD0F /* NoteBookTests-Info.plist */ = {isa = PBXFileReference; lastKnownFileType = text.plist.xml; path = "NoteBookTests-Info.plist"; sourceTree = "<group>"; };
		490D03AE18754B760094AD0F /* en */ = {isa = PBXFileReference; lastKnownFileType = text.plist.strings; name = en; path = en.lproj/InfoPlist.strings; sourceTree = "<group>"; };
		490D03B018754B760094AD0F /* NoteBookTests.m */ = {isa = PBXFileReference; lastKnownFileType = sourcecode.c.objc; path = NoteBookTests.m; sourceTree = "<group>"; };
		490D03C9187550C00094AD0F /* ContactCell.m */ = {isa = PBXFileReference; fileEncoding = 4; lastKnownFileType = sourcecode.c.objc; path = ContactCell.m; sourceTree = "<group>"; };
		490D03CA187550C00094AD0F /* ContactCell.h */ = {isa = PBXFileReference; fileEncoding = 4; lastKnownFileType = sourcecode.c.h; path = ContactCell.h; sourceTree = "<group>"; };
		4912159E19B89AB600E576BA /* NSMutableArray+SWUtilityButtons.h */ = {isa = PBXFileReference; fileEncoding = 4; lastKnownFileType = sourcecode.c.h; path = "NSMutableArray+SWUtilityButtons.h"; sourceTree = "<group>"; };
		4912159F19B89AB600E576BA /* NSMutableArray+SWUtilityButtons.m */ = {isa = PBXFileReference; fileEncoding = 4; lastKnownFileType = sourcecode.c.objc; path = "NSMutableArray+SWUtilityButtons.m"; sourceTree = "<group>"; };
		491215A019B89AB600E576BA /* SWCellScrollView.h */ = {isa = PBXFileReference; fileEncoding = 4; lastKnownFileType = sourcecode.c.h; path = SWCellScrollView.h; sourceTree = "<group>"; };
		491215A119B89AB600E576BA /* SWCellScrollView.m */ = {isa = PBXFileReference; fileEncoding = 4; lastKnownFileType = sourcecode.c.objc; path = SWCellScrollView.m; sourceTree = "<group>"; };
		491215A219B89AB600E576BA /* SWLongPressGestureRecognizer.h */ = {isa = PBXFileReference; fileEncoding = 4; lastKnownFileType = sourcecode.c.h; path = SWLongPressGestureRecognizer.h; sourceTree = "<group>"; };
		491215A319B89AB600E576BA /* SWLongPressGestureRecognizer.m */ = {isa = PBXFileReference; fileEncoding = 4; lastKnownFileType = sourcecode.c.objc; path = SWLongPressGestureRecognizer.m; sourceTree = "<group>"; };
		491215A419B89AB600E576BA /* SWTableViewCell.h */ = {isa = PBXFileReference; fileEncoding = 4; lastKnownFileType = sourcecode.c.h; path = SWTableViewCell.h; sourceTree = "<group>"; };
		491215A519B89AB600E576BA /* SWTableViewCell.m */ = {isa = PBXFileReference; fileEncoding = 4; lastKnownFileType = sourcecode.c.objc; path = SWTableViewCell.m; sourceTree = "<group>"; };
		491215A619B89AB600E576BA /* SWUtilityButtonTapGestureRecognizer.h */ = {isa = PBXFileReference; fileEncoding = 4; lastKnownFileType = sourcecode.c.h; path = SWUtilityButtonTapGestureRecognizer.h; sourceTree = "<group>"; };
		491215A719B89AB600E576BA /* SWUtilityButtonTapGestureRecognizer.m */ = {isa = PBXFileReference; fileEncoding = 4; lastKnownFileType = sourcecode.c.objc; path = SWUtilityButtonTapGestureRecognizer.m; sourceTree = "<group>"; };
		491215A819B89AB600E576BA /* SWUtilityButtonView.h */ = {isa = PBXFileReference; fileEncoding = 4; lastKnownFileType = sourcecode.c.h; path = SWUtilityButtonView.h; sourceTree = "<group>"; };
		491215A919B89AB600E576BA /* SWUtilityButtonView.m */ = {isa = PBXFileReference; fileEncoding = 4; lastKnownFileType = sourcecode.c.objc; path = SWUtilityButtonView.m; sourceTree = "<group>"; };
		491215B119B89E2A00E576BA /* UIFont+HB.h */ = {isa = PBXFileReference; fileEncoding = 4; lastKnownFileType = sourcecode.c.h; path = "UIFont+HB.h"; sourceTree = "<group>"; };
		491215B219B89E2A00E576BA /* UIFont+HB.m */ = {isa = PBXFileReference; fileEncoding = 4; lastKnownFileType = sourcecode.c.objc; path = "UIFont+HB.m"; sourceTree = "<group>"; };
		491215B519B89F2C00E576BA /* BaseModel.h */ = {isa = PBXFileReference; fileEncoding = 4; lastKnownFileType = sourcecode.c.h; path = BaseModel.h; sourceTree = "<group>"; };
		491215B619B89F2C00E576BA /* BaseModel.m */ = {isa = PBXFileReference; fileEncoding = 4; lastKnownFileType = sourcecode.c.objc; path = BaseModel.m; sourceTree = "<group>"; };
		491215C119B8A25000E576BA /* UIColor+HB.h */ = {isa = PBXFileReference; fileEncoding = 4; lastKnownFileType = sourcecode.c.h; path = "UIColor+HB.h"; sourceTree = "<group>"; };
		491215C219B8A25000E576BA /* UIColor+HB.m */ = {isa = PBXFileReference; fileEncoding = 4; lastKnownFileType = sourcecode.c.objc; path = "UIColor+HB.m"; sourceTree = "<group>"; };
		491215C419B8A45800E576BA /* HBTableViewCell.h */ = {isa = PBXFileReference; fileEncoding = 4; lastKnownFileType = sourcecode.c.h; path = HBTableViewCell.h; sourceTree = "<group>"; };
		491215C519B8A45800E576BA /* HBTableViewCell.m */ = {isa = PBXFileReference; fileEncoding = 4; lastKnownFileType = sourcecode.c.objc; path = HBTableViewCell.m; sourceTree = "<group>"; };
		4918F2EA19B4AD9100A8C686 /* Icon.png */ = {isa = PBXFileReference; lastKnownFileType = image.png; path = Icon.png; sourceTree = "<group>"; };
		4918F2EB19B4AD9100A8C686 /* Icon@2x.png */ = {isa = PBXFileReference; lastKnownFileType = image.png; path = "Icon@2x.png"; sourceTree = "<group>"; };
		4928635818B4A11C000C11F2 /* ShowViewController.h */ = {isa = PBXFileReference; fileEncoding = 4; lastKnownFileType = sourcecode.c.h; path = ShowViewController.h; sourceTree = "<group>"; };
		4928635918B4A11C000C11F2 /* ShowViewController.m */ = {isa = PBXFileReference; fileEncoding = 4; lastKnownFileType = sourcecode.c.objc; path = ShowViewController.m; sourceTree = "<group>"; };
		497E82A418AE320200393EA3 /* ImageCropperViewController.m */ = {isa = PBXFileReference; fileEncoding = 4; lastKnownFileType = sourcecode.c.objc; path = ImageCropperViewController.m; sourceTree = "<group>"; };
		497E82A618AE326C00393EA3 /* ImageCropperViewController.h */ = {isa = PBXFileReference; fileEncoding = 4; lastKnownFileType = sourcecode.c.h; path = ImageCropperViewController.h; sourceTree = "<group>"; };
		499FAD54188EA63B009D2359 /* AVFoundation.framework */ = {isa = PBXFileReference; lastKnownFileType = wrapper.framework; name = AVFoundation.framework; path = System/Library/Frameworks/AVFoundation.framework; sourceTree = SDKROOT; };
		49DDD3AB1883A8E500761532 /* AddViewController.h */ = {isa = PBXFileReference; fileEncoding = 4; lastKnownFileType = sourcecode.c.h; path = AddViewController.h; sourceTree = "<group>"; };
		49DDD3AC1883A8E500761532 /* AddViewController.m */ = {isa = PBXFileReference; fileEncoding = 4; lastKnownFileType = sourcecode.c.objc; path = AddViewController.m; sourceTree = "<group>"; };
/* End PBXFileReference section */

/* Begin PBXFrameworksBuildPhase section */
		490D037C18754B760094AD0F /* Frameworks */ = {
			isa = PBXFrameworksBuildPhase;
			buildActionMask = 2147483647;
			files = (
				499FAD55188EA63B009D2359 /* AVFoundation.framework in Frameworks */,
				4905E93F188E191500DFC415 /* CoreData.framework in Frameworks */,
				490D038518754B760094AD0F /* CoreGraphics.framework in Frameworks */,
				490D038718754B760094AD0F /* UIKit.framework in Frameworks */,
				490D038318754B760094AD0F /* Foundation.framework in Frameworks */,
			);
			runOnlyForDeploymentPostprocessing = 0;
		};
		490D03A018754B760094AD0F /* Frameworks */ = {
			isa = PBXFrameworksBuildPhase;
			buildActionMask = 2147483647;
			files = (
				490D03A518754B760094AD0F /* XCTest.framework in Frameworks */,
				490D03A718754B760094AD0F /* UIKit.framework in Frameworks */,
				490D03A618754B760094AD0F /* Foundation.framework in Frameworks */,
			);
			runOnlyForDeploymentPostprocessing = 0;
		};
/* End PBXFrameworksBuildPhase section */

/* Begin PBXGroup section */
		490A48EB1891078F001AC8B2 /* AGImagePickerController */ = {
			isa = PBXGroup;
			children = (
				490A48EC1891078F001AC8B2 /* AGImagePickerController+Helper.h */,
				490A48ED1891078F001AC8B2 /* AGImagePickerController+Helper.m */,
				490A48EE1891078F001AC8B2 /* AGImagePickerController.bundle */,
				490A48EF1891078F001AC8B2 /* AGImagePickerController.h */,
				490A48F01891078F001AC8B2 /* AGImagePickerController.m */,
				490A48F11891078F001AC8B2 /* AGImagePickerControllerDefines.h */,
				490A48F21891078F001AC8B2 /* AGIPCAlbumsController.h */,
				490A48F31891078F001AC8B2 /* AGIPCAlbumsController.m */,
				490A48F41891078F001AC8B2 /* AGIPCAssetsController.h */,
				490A48F51891078F001AC8B2 /* AGIPCAssetsController.m */,
				490A48F61891078F001AC8B2 /* AGIPCGridCell.h */,
				490A48F71891078F001AC8B2 /* AGIPCGridCell.m */,
				490A48F81891078F001AC8B2 /* AGIPCGridItem.h */,
				490A48F91891078F001AC8B2 /* AGIPCGridItem.m */,
				490A48FA1891078F001AC8B2 /* AGIPCToolbarItem.h */,
				490A48FB1891078F001AC8B2 /* AGIPCToolbarItem.m */,
				490A48FC1891078F001AC8B2 /* ALAsset+AGIPC.h */,
				490A48FD1891078F001AC8B2 /* ALAsset+AGIPC.m */,
			);
			path = AGImagePickerController;
			sourceTree = SOURCE_ROOT;
		};
		490D037618754B760094AD0F = {
			isa = PBXGroup;
			children = (
				490D038818754B760094AD0F /* NoteBook */,
				490D03AA18754B760094AD0F /* NoteBookTests */,
				490D038118754B760094AD0F /* Frameworks */,
				490D038018754B760094AD0F /* Products */,
			);
			sourceTree = "<group>";
		};
		490D038018754B760094AD0F /* Products */ = {
			isa = PBXGroup;
			children = (
				490D037F18754B760094AD0F /* NoteBook.app */,
				490D03A318754B760094AD0F /* NoteBookTests.xctest */,
			);
			name = Products;
			sourceTree = "<group>";
		};
		490D038118754B760094AD0F /* Frameworks */ = {
			isa = PBXGroup;
			children = (
				499FAD54188EA63B009D2359 /* AVFoundation.framework */,
				4905E93E188E191500DFC415 /* CoreData.framework */,
				490D038218754B760094AD0F /* Foundation.framework */,
				490D038418754B760094AD0F /* CoreGraphics.framework */,
				490D038618754B760094AD0F /* UIKit.framework */,
				490D03A418754B760094AD0F /* XCTest.framework */,
			);
			name = Frameworks;
			sourceTree = "<group>";
		};
		490D038818754B760094AD0F /* NoteBook */ = {
			isa = PBXGroup;
			children = (
				490D039118754B760094AD0F /* AppDelegate.h */,
				490D039218754B760094AD0F /* AppDelegate.m */,
				491215B019B89DD800E576BA /* Base */,
				4912159D19B89A8A00E576BA /* SWTableViewCell */,
				497E82AB18AE337500393EA3 /* Views */,
				497E82AA18AE335D00393EA3 /* Controllers */,
				497E82A718AE32F300393EA3 /* Resources */,
				497E82AC18AE339600393EA3 /* Components */,
				490D038918754B760094AD0F /* Supporting Files */,
			);
			path = NoteBook;
			sourceTree = "<group>";
		};
		490D038918754B760094AD0F /* Supporting Files */ = {
			isa = PBXGroup;
			children = (
				490D038A18754B760094AD0F /* NoteBook-Info.plist */,
				490D038B18754B760094AD0F /* InfoPlist.strings */,
				490D038E18754B760094AD0F /* main.m */,
				490D039018754B760094AD0F /* NoteBook-Prefix.pch */,
			);
			name = "Supporting Files";
			sourceTree = "<group>";
		};
		490D03AA18754B760094AD0F /* NoteBookTests */ = {
			isa = PBXGroup;
			children = (
				490D03B018754B760094AD0F /* NoteBookTests.m */,
				490D03AB18754B760094AD0F /* Supporting Files */,
			);
			path = NoteBookTests;
			sourceTree = "<group>";
		};
		490D03AB18754B760094AD0F /* Supporting Files */ = {
			isa = PBXGroup;
			children = (
				490D03AC18754B760094AD0F /* NoteBookTests-Info.plist */,
				490D03AD18754B760094AD0F /* InfoPlist.strings */,
			);
			name = "Supporting Files";
			sourceTree = "<group>";
		};
		4912159D19B89A8A00E576BA /* SWTableViewCell */ = {
			isa = PBXGroup;
			children = (
				4912159E19B89AB600E576BA /* NSMutableArray+SWUtilityButtons.h */,
				4912159F19B89AB600E576BA /* NSMutableArray+SWUtilityButtons.m */,
				491215A019B89AB600E576BA /* SWCellScrollView.h */,
				491215A119B89AB600E576BA /* SWCellScrollView.m */,
				491215A219B89AB600E576BA /* SWLongPressGestureRecognizer.h */,
				491215A319B89AB600E576BA /* SWLongPressGestureRecognizer.m */,
				491215A419B89AB600E576BA /* SWTableViewCell.h */,
				491215A519B89AB600E576BA /* SWTableViewCell.m */,
				491215A619B89AB600E576BA /* SWUtilityButtonTapGestureRecognizer.h */,
				491215A719B89AB600E576BA /* SWUtilityButtonTapGestureRecognizer.m */,
				491215A819B89AB600E576BA /* SWUtilityButtonView.h */,
				491215A919B89AB600E576BA /* SWUtilityButtonView.m */,
			);
			name = SWTableViewCell;
			sourceTree = "<group>";
		};
		491215B019B89DD800E576BA /* Base */ = {
			isa = PBXGroup;
			children = (
				491215C119B8A25000E576BA /* UIColor+HB.h */,
				491215C219B8A25000E576BA /* UIColor+HB.m */,
				491215B119B89E2A00E576BA /* UIFont+HB.h */,
				491215B219B89E2A00E576BA /* UIFont+HB.m */,
				491215B519B89F2C00E576BA /* BaseModel.h */,
				491215B619B89F2C00E576BA /* BaseModel.m */,
				491215C419B8A45800E576BA /* HBTableViewCell.h */,
				491215C519B8A45800E576BA /* HBTableViewCell.m */,
			);
			name = Base;
			sourceTree = "<group>";
		};
		49196D691888D0DE009745A7 /* pic-audio */ = {
			isa = PBXGroup;
			children = (
				4908DA3618BAE23400A75F80 /* record_animate_01.png */,
				4908DA3718BAE23400A75F80 /* record_animate_02.png */,
				4908DA3818BAE23400A75F80 /* record_animate_03.png */,
				4908DA3918BAE23400A75F80 /* record_animate_04.png */,
				4908DA3A18BAE23400A75F80 /* record_animate_05.png */,
				4908DA3B18BAE23400A75F80 /* record_animate_06.png */,
				4908DA3C18BAE23400A75F80 /* record_animate_07.png */,
				4908DA3D18BAE23500A75F80 /* record_animate_08.png */,
				4908DA3E18BAE23500A75F80 /* record_animate_09.png */,
				4908DA3F18BAE23500A75F80 /* record_animate_10.png */,
				4908DA4018BAE23500A75F80 /* record_animate_11.png */,
				4908DA4118BAE23500A75F80 /* record_animate_12.png */,
				4908DA4218BAE23500A75F80 /* record_animate_13.png */,
				4908DA4318BAE23500A75F80 /* record_animate_14.png */,
			);
			name = "pic-audio";
			path = ..;
			sourceTree = "<group>";
		};
		497E82A718AE32F300393EA3 /* Resources */ = {
			isa = PBXGroup;
			children = (
				497E82A918AE334000393EA3 /* Images */,
				49038BAA18B1E9280032E84D /* Contact.h */,
				49038BAB18B1E9280032E84D /* Contact.m */,
				4905E940188E1AC400DFC415 /* Model.xcdatamodeld */,
				490D039D18754B760094AD0F /* Images.xcassets */,
				49196D691888D0DE009745A7 /* pic-audio */,
			);
			name = Resources;
			sourceTree = "<group>";
		};
		497E82A918AE334000393EA3 /* Images */ = {
			isa = PBXGroup;
			children = (
				4918F2EA19B4AD9100A8C686 /* Icon.png */,
				4918F2EB19B4AD9100A8C686 /* Icon@2x.png */,
				4903F118188788FB00654C5C /* 08.png */,
			);
			name = Images;
			sourceTree = "<group>";
		};
		497E82AA18AE335D00393EA3 /* Controllers */ = {
			isa = PBXGroup;
			children = (
				497E82A618AE326C00393EA3 /* ImageCropperViewController.h */,
				497E82A418AE320200393EA3 /* ImageCropperViewController.m */,
				49DDD3AB1883A8E500761532 /* AddViewController.h */,
				49DDD3AC1883A8E500761532 /* AddViewController.m */,
				490D039718754B760094AD0F /* HomeViewController.h */,
				490D039818754B760094AD0F /* HomeViewController.m */,
				4928635818B4A11C000C11F2 /* ShowViewController.h */,
				4928635918B4A11C000C11F2 /* ShowViewController.m */,
			);
			name = Controllers;
			sourceTree = "<group>";
		};
		497E82AB18AE337500393EA3 /* Views */ = {
			isa = PBXGroup;
			children = (
				490D03CA187550C00094AD0F /* ContactCell.h */,
				490D03C9187550C00094AD0F /* ContactCell.m */,
			);
			name = Views;
			sourceTree = "<group>";
		};
		497E82AC18AE339600393EA3 /* Components */ = {
			isa = PBXGroup;
			children = (
				490A48EB1891078F001AC8B2 /* AGImagePickerController */,
			);
			name = Components;
			sourceTree = "<group>";
		};
/* End PBXGroup section */

/* Begin PBXNativeTarget section */
		490D037E18754B760094AD0F /* NoteBook */ = {
			isa = PBXNativeTarget;
			buildConfigurationList = 490D03B418754B760094AD0F /* Build configuration list for PBXNativeTarget "NoteBook" */;
			buildPhases = (
				490D037B18754B760094AD0F /* Sources */,
				490D037C18754B760094AD0F /* Frameworks */,
				490D037D18754B760094AD0F /* Resources */,
			);
			buildRules = (
			);
			dependencies = (
			);
			name = NoteBook;
			productName = NoteBook;
			productReference = 490D037F18754B760094AD0F /* NoteBook.app */;
			productType = "com.apple.product-type.application";
		};
		490D03A218754B760094AD0F /* NoteBookTests */ = {
			isa = PBXNativeTarget;
			buildConfigurationList = 490D03B718754B760094AD0F /* Build configuration list for PBXNativeTarget "NoteBookTests" */;
			buildPhases = (
				490D039F18754B760094AD0F /* Sources */,
				490D03A018754B760094AD0F /* Frameworks */,
				490D03A118754B760094AD0F /* Resources */,
			);
			buildRules = (
			);
			dependencies = (
				490D03A918754B760094AD0F /* PBXTargetDependency */,
			);
			name = NoteBookTests;
			productName = NoteBookTests;
			productReference = 490D03A318754B760094AD0F /* NoteBookTests.xctest */;
			productType = "com.apple.product-type.bundle.unit-test";
		};
/* End PBXNativeTarget section */

/* Begin PBXProject section */
		490D037718754B760094AD0F /* Project object */ = {
			isa = PBXProject;
			attributes = {
				LastUpgradeCheck = 0510;
				ORGANIZATIONNAME = xubing;
				TargetAttributes = {
					490D037E18754B760094AD0F = {
						DevelopmentTeam = 52KTBFLJDB;
					};
					490D03A218754B760094AD0F = {
						TestTargetID = 490D037E18754B760094AD0F;
					};
				};
			};
			buildConfigurationList = 490D037A18754B760094AD0F /* Build configuration list for PBXProject "NoteBook" */;
			compatibilityVersion = "Xcode 3.2";
			developmentRegion = English;
			hasScannedForEncodings = 0;
			knownRegions = (
				en,
				Base,
			);
			mainGroup = 490D037618754B760094AD0F;
			productRefGroup = 490D038018754B760094AD0F /* Products */;
			projectDirPath = "";
			projectRoot = "";
			targets = (
				490D037E18754B760094AD0F /* NoteBook */,
				490D03A218754B760094AD0F /* NoteBookTests */,
			);
		};
/* End PBXProject section */

/* Begin PBXResourcesBuildPhase section */
		490D037D18754B760094AD0F /* Resources */ = {
			isa = PBXResourcesBuildPhase;
			buildActionMask = 2147483647;
			files = (
				4908DA5018BAE23500A75F80 /* record_animate_13.png in Resources */,
				4908DA4B18BAE23500A75F80 /* record_animate_08.png in Resources */,
				4908DA4718BAE23500A75F80 /* record_animate_04.png in Resources */,
				4908DA4418BAE23500A75F80 /* record_animate_01.png in Resources */,
				4908DA4F18BAE23500A75F80 /* record_animate_12.png in Resources */,
				4908DA4A18BAE23500A75F80 /* record_animate_07.png in Resources */,
				4903F119188788FB00654C5C /* 08.png in Resources */,
				4908DA4818BAE23500A75F80 /* record_animate_05.png in Resources */,
				490D039E18754B760094AD0F /* Images.xcassets in Resources */,
				4908DA4918BAE23500A75F80 /* record_animate_06.png in Resources */,
				4908DA4D18BAE23500A75F80 /* record_animate_10.png in Resources */,
				4918F2EC19B4AD9100A8C686 /* Icon.png in Resources */,
				4908DA4E18BAE23500A75F80 /* record_animate_11.png in Resources */,
				4908DA4C18BAE23500A75F80 /* record_animate_09.png in Resources */,
				4908DA5118BAE23500A75F80 /* record_animate_14.png in Resources */,
				4918F2ED19B4AD9100A8C686 /* Icon@2x.png in Resources */,
				4908DA4518BAE23500A75F80 /* record_animate_02.png in Resources */,
				490D038D18754B760094AD0F /* InfoPlist.strings in Resources */,
				490A48FF1891078F001AC8B2 /* AGImagePickerController.bundle in Resources */,
				4908DA4618BAE23500A75F80 /* record_animate_03.png in Resources */,
			);
			runOnlyForDeploymentPostprocessing = 0;
		};
		490D03A118754B760094AD0F /* Resources */ = {
			isa = PBXResourcesBuildPhase;
			buildActionMask = 2147483647;
			files = (
				490D03AF18754B760094AD0F /* InfoPlist.strings in Resources */,
			);
			runOnlyForDeploymentPostprocessing = 0;
		};
/* End PBXResourcesBuildPhase section */

/* Begin PBXSourcesBuildPhase section */
		490D037B18754B760094AD0F /* Sources */ = {
			isa = PBXSourcesBuildPhase;
			buildActionMask = 2147483647;
			files = (
				4928635A18B4A11C000C11F2 /* ShowViewController.m in Sources */,
				491215AB19B89AB600E576BA /* SWCellScrollView.m in Sources */,
				49038BAC18B1E9280032E84D /* Contact.m in Sources */,
				491215AC19B89AB600E576BA /* SWLongPressGestureRecognizer.m in Sources */,
				490A49041891078F001AC8B2 /* AGIPCGridItem.m in Sources */,
				49DDD3AD1883A8E500761532 /* AddViewController.m in Sources */,
				491215C319B8A25100E576BA /* UIColor+HB.m in Sources */,
				490A48FE1891078F001AC8B2 /* AGImagePickerController+Helper.m in Sources */,
				497E82A518AE320200393EA3 /* ImageCropperViewController.m in Sources */,
				491215B319B89E2A00E576BA /* UIFont+HB.m in Sources */,
				491215AE19B89AB600E576BA /* SWUtilityButtonTapGestureRecognizer.m in Sources */,
				490A49001891078F001AC8B2 /* AGImagePickerController.m in Sources */,
				490A49011891078F001AC8B2 /* AGIPCAlbumsController.m in Sources */,
				491215AA19B89AB600E576BA /* NSMutableArray+SWUtilityButtons.m in Sources */,
				491215AD19B89AB600E576BA /* SWTableViewCell.m in Sources */,
				490A49061891078F001AC8B2 /* ALAsset+AGIPC.m in Sources */,
				490A49051891078F001AC8B2 /* AGIPCToolbarItem.m in Sources */,
				491215C619B8A45800E576BA /* HBTableViewCell.m in Sources */,
				490D03CB187550C00094AD0F /* ContactCell.m in Sources */,
				490D039318754B760094AD0F /* AppDelegate.m in Sources */,
				491215AF19B89AB600E576BA /* SWUtilityButtonView.m in Sources */,
				4905E942188E1AC400DFC415 /* Model.xcdatamodeld in Sources */,
				490A49021891078F001AC8B2 /* AGIPCAssetsController.m in Sources */,
				490D039918754B760094AD0F /* HomeViewController.m in Sources */,
				490D038F18754B760094AD0F /* main.m in Sources */,
				491215B719B89F2C00E576BA /* BaseModel.m in Sources */,
				490A49031891078F001AC8B2 /* AGIPCGridCell.m in Sources */,
			);
			runOnlyForDeploymentPostprocessing = 0;
		};
		490D039F18754B760094AD0F /* Sources */ = {
			isa = PBXSourcesBuildPhase;
			buildActionMask = 2147483647;
			files = (
				490D03B118754B760094AD0F /* NoteBookTests.m in Sources */,
			);
			runOnlyForDeploymentPostprocessing = 0;
		};
/* End PBXSourcesBuildPhase section */

/* Begin PBXTargetDependency section */
		490D03A918754B760094AD0F /* PBXTargetDependency */ = {
			isa = PBXTargetDependency;
			target = 490D037E18754B760094AD0F /* NoteBook */;
			targetProxy = 490D03A818754B760094AD0F /* PBXContainerItemProxy */;
		};
/* End PBXTargetDependency section */

/* Begin PBXVariantGroup section */
		490D038B18754B760094AD0F /* InfoPlist.strings */ = {
			isa = PBXVariantGroup;
			children = (
				490D038C18754B760094AD0F /* en */,
			);
			name = InfoPlist.strings;
			sourceTree = "<group>";
		};
		490D03AD18754B760094AD0F /* InfoPlist.strings */ = {
			isa = PBXVariantGroup;
			children = (
				490D03AE18754B760094AD0F /* en */,
			);
			name = InfoPlist.strings;
			sourceTree = "<group>";
		};
/* End PBXVariantGroup section */

/* Begin XCBuildConfiguration section */
		490D03B218754B760094AD0F /* Debug */ = {
			isa = XCBuildConfiguration;
			buildSettings = {
				ALWAYS_SEARCH_USER_PATHS = NO;
				CLANG_CXX_LANGUAGE_STANDARD = "gnu++0x";
				CLANG_CXX_LIBRARY = "libc++";
				CLANG_ENABLE_MODULES = YES;
				CLANG_ENABLE_OBJC_ARC = YES;
				CLANG_WARN_BOOL_CONVERSION = YES;
				CLANG_WARN_CONSTANT_CONVERSION = YES;
				CLANG_WARN_DIRECT_OBJC_ISA_USAGE = YES_ERROR;
				CLANG_WARN_EMPTY_BODY = YES;
				CLANG_WARN_ENUM_CONVERSION = YES;
				CLANG_WARN_INT_CONVERSION = YES;
				CLANG_WARN_OBJC_ROOT_CLASS = YES_ERROR;
				CLANG_WARN__DUPLICATE_METHOD_MATCH = YES;
				"CODE_SIGN_IDENTITY[sdk=iphoneos*]" = "iPhone Developer";
				COPY_PHASE_STRIP = NO;
				GCC_C_LANGUAGE_STANDARD = gnu99;
				GCC_DYNAMIC_NO_PIC = NO;
				GCC_OPTIMIZATION_LEVEL = 0;
				GCC_PREPROCESSOR_DEFINITIONS = (
					"DEBUG=1",
					"$(inherited)",
				);
				GCC_SYMBOLS_PRIVATE_EXTERN = NO;
				GCC_WARN_64_TO_32_BIT_CONVERSION = YES;
				GCC_WARN_ABOUT_RETURN_TYPE = YES_ERROR;
				GCC_WARN_UNDECLARED_SELECTOR = YES;
				GCC_WARN_UNINITIALIZED_AUTOS = YES;
				GCC_WARN_UNUSED_FUNCTION = YES;
				GCC_WARN_UNUSED_VARIABLE = YES;
				IPHONEOS_DEPLOYMENT_TARGET = 6.0;
				ONLY_ACTIVE_ARCH = YES;
				SDKROOT = iphoneos;
			};
			name = Debug;
		};
		490D03B318754B760094AD0F /* Release */ = {
			isa = XCBuildConfiguration;
			buildSettings = {
				ALWAYS_SEARCH_USER_PATHS = NO;
				CLANG_CXX_LANGUAGE_STANDARD = "gnu++0x";
				CLANG_CXX_LIBRARY = "libc++";
				CLANG_ENABLE_MODULES = YES;
				CLANG_ENABLE_OBJC_ARC = YES;
				CLANG_WARN_BOOL_CONVERSION = YES;
				CLANG_WARN_CONSTANT_CONVERSION = YES;
				CLANG_WARN_DIRECT_OBJC_ISA_USAGE = YES_ERROR;
				CLANG_WARN_EMPTY_BODY = YES;
				CLANG_WARN_ENUM_CONVERSION = YES;
				CLANG_WARN_INT_CONVERSION = YES;
				CLANG_WARN_OBJC_ROOT_CLASS = YES_ERROR;
				CLANG_WARN__DUPLICATE_METHOD_MATCH = YES;
				"CODE_SIGN_IDENTITY[sdk=iphoneos*]" = "iPhone Developer";
				COPY_PHASE_STRIP = YES;
				ENABLE_NS_ASSERTIONS = NO;
				GCC_C_LANGUAGE_STANDARD = gnu99;
				GCC_WARN_64_TO_32_BIT_CONVERSION = YES;
				GCC_WARN_ABOUT_RETURN_TYPE = YES_ERROR;
				GCC_WARN_UNDECLARED_SELECTOR = YES;
				GCC_WARN_UNINITIALIZED_AUTOS = YES;
				GCC_WARN_UNUSED_FUNCTION = YES;
				GCC_WARN_UNUSED_VARIABLE = YES;
				IPHONEOS_DEPLOYMENT_TARGET = 6.0;
				SDKROOT = iphoneos;
				VALIDATE_PRODUCT = YES;
			};
			name = Release;
		};
		490D03B518754B760094AD0F /* Debug */ = {
			isa = XCBuildConfiguration;
			buildSettings = {
				ASSETCATALOG_COMPILER_APPICON_NAME = AppIcon;
				ASSETCATALOG_COMPILER_LAUNCHIMAGE_NAME = LaunchImage;
				CODE_SIGN_IDENTITY = "iPhone Developer";
				"CODE_SIGN_IDENTITY[sdk=iphoneos*]" = "iPhone Developer";
				GCC_PRECOMPILE_PREFIX_HEADER = YES;
				GCC_PREFIX_HEADER = "NoteBook/NoteBook-Prefix.pch";
				INFOPLIST_FILE = "NoteBook/NoteBook-Info.plist";
				PRODUCT_NAME = "$(TARGET_NAME)";
				PROVISIONING_PROFILE = "";
				WRAPPER_EXTENSION = app;
			};
			name = Debug;
		};
		490D03B618754B760094AD0F /* Release */ = {
			isa = XCBuildConfiguration;
			buildSettings = {
				ASSETCATALOG_COMPILER_APPICON_NAME = AppIcon;
				ASSETCATALOG_COMPILER_LAUNCHIMAGE_NAME = LaunchImage;
				CODE_SIGN_IDENTITY = "iPhone Developer";
				"CODE_SIGN_IDENTITY[sdk=iphoneos*]" = "iPhone Developer";
				GCC_PRECOMPILE_PREFIX_HEADER = YES;
				GCC_PREFIX_HEADER = "NoteBook/NoteBook-Prefix.pch";
				INFOPLIST_FILE = "NoteBook/NoteBook-Info.plist";
				PRODUCT_NAME = "$(TARGET_NAME)";
				PROVISIONING_PROFILE = "";
				WRAPPER_EXTENSION = app;
			};
			name = Release;
		};
		490D03B818754B760094AD0F /* Debug */ = {
			isa = XCBuildConfiguration;
			buildSettings = {
				BUNDLE_LOADER = "$(BUILT_PRODUCTS_DIR)/NoteBook.app/NoteBook";
				FRAMEWORK_SEARCH_PATHS = (
					"$(SDKROOT)/Developer/Library/Frameworks",
					"$(inherited)",
					"$(DEVELOPER_FRAMEWORKS_DIR)",
				);
				GCC_PRECOMPILE_PREFIX_HEADER = YES;
				GCC_PREFIX_HEADER = "NoteBook/NoteBook-Prefix.pch";
				GCC_PREPROCESSOR_DEFINITIONS = (
					"DEBUG=1",
					"$(inherited)",
				);
				INFOPLIST_FILE = "NoteBookTests/NoteBookTests-Info.plist";
				PRODUCT_NAME = "$(TARGET_NAME)";
				TEST_HOST = "$(BUNDLE_LOADER)";
				WRAPPER_EXTENSION = xctest;
			};
			name = Debug;
		};
		490D03B918754B760094AD0F /* Release */ = {
			isa = XCBuildConfiguration;
			buildSettings = {
				BUNDLE_LOADER = "$(BUILT_PRODUCTS_DIR)/NoteBook.app/NoteBook";
				FRAMEWORK_SEARCH_PATHS = (
					"$(SDKROOT)/Developer/Library/Frameworks",
					"$(inherited)",
					"$(DEVELOPER_FRAMEWORKS_DIR)",
				);
				GCC_PRECOMPILE_PREFIX_HEADER = YES;
				GCC_PREFIX_HEADER = "NoteBook/NoteBook-Prefix.pch";
				INFOPLIST_FILE = "NoteBookTests/NoteBookTests-Info.plist";
				PRODUCT_NAME = "$(TARGET_NAME)";
				TEST_HOST = "$(BUNDLE_LOADER)";
				WRAPPER_EXTENSION = xctest;
			};
			name = Release;
		};
/* End XCBuildConfiguration section */

/* Begin XCConfigurationList section */
		490D037A18754B760094AD0F /* Build configuration list for PBXProject "NoteBook" */ = {
			isa = XCConfigurationList;
			buildConfigurations = (
				490D03B218754B760094AD0F /* Debug */,
				490D03B318754B760094AD0F /* Release */,
			);
			defaultConfigurationIsVisible = 0;
			defaultConfigurationName = Release;
		};
		490D03B418754B760094AD0F /* Build configuration list for PBXNativeTarget "NoteBook" */ = {
			isa = XCConfigurationList;
			buildConfigurations = (
				490D03B518754B760094AD0F /* Debug */,
				490D03B618754B760094AD0F /* Release */,
			);
			defaultConfigurationIsVisible = 0;
			defaultConfigurationName = Release;
		};
		490D03B718754B760094AD0F /* Build configuration list for PBXNativeTarget "NoteBookTests" */ = {
			isa = XCConfigurationList;
			buildConfigurations = (
				490D03B818754B760094AD0F /* Debug */,
				490D03B918754B760094AD0F /* Release */,
			);
			defaultConfigurationIsVisible = 0;
			defaultConfigurationName = Release;
		};
/* End XCConfigurationList section */

/* Begin XCVersionGroup section */
		4905E940188E1AC400DFC415 /* Model.xcdatamodeld */ = {
			isa = XCVersionGroup;
			children = (
				4905E941188E1AC400DFC415 /* Model.xcdatamodel */,
			);
			currentVersion = 4905E941188E1AC400DFC415 /* Model.xcdatamodel */;
			name = Model.xcdatamodeld;
			path = ../Model.xcdatamodeld;
			sourceTree = "<group>";
			versionGroupType = wrapper.xcdatamodel;
		};
/* End XCVersionGroup section */
	};
	rootObject = 490D037718754B760094AD0F /* Project object */;
}
